owner: claude
token: ea02b6c8-6569-452a-b67f-0664718936df
started_utc: 2026-10-04T04:20:20Z
expected_release_utc: 2026-10-04T07:20:20Z
paths: .agents/LANES.md, AGENTS.md
task: Operator-directed Claude takeover ("Complete and takeover", re-confirmed "Proceed" 2026-10-04): transfer lane ownership to Claude and record the 2026-10-03 certification state.
