owner: claude
token: 1f255857-60a1-4313-979e-cb99ba56a6d1
started_utc: 2026-10-03T21:28:07Z
expected_release_utc: 2026-10-04T00:28:07Z
paths: .agents/LANES.md, AGENTS.md
task: Operator-directed Claude takeover (2026-10-03 "Complete and takeover"): transfer lane ownership to Claude and record the 2026-10-03 certification state.
