owner: claude
token: b0bbdd8f-cba3-4523-b2a5-4ef0440610e1
started_utc: 2026-09-18T23:22:43Z
expected_release_utc: 2026-09-19T06:22:43Z
paths: app.js, index.html, service-worker.js, sw-bridge.js, manifest.json, modern-shell.js
task: Issue #252 P0 screenshot/image intake -> Worker /extract-image provider adapter ->
  review step -> EXISTING canonical evaluator, plus the carried-forward onboarding-exposure
  repair whose lock both lanes independently reaped. One generation for both, because both
  change app.js and two generations for one deploy is prohibited. Generation bump
  (modern-shell.js header included per CG-07) and full suite both required.
