owner: claude
token: 4716e7d2-8327-4550-b881-1260738d7833
started_utc: 2026-09-22T03:17:37Z
expected_release_utc: 2026-09-22T06:17:37Z
paths: app.js, index.html, service-worker.js, sw-bridge.js, modern-shell.js, manifest.json
task: Issue #278 item 3 — DEACTIVATED/WITHDRAWN as a distinct opportunity outcome class, excluded from every win-rate denominator and from clearing-price calibration. Both independent audits (ChatGPT 2026-09-20, Claude 2026-09-22) agree on this item with no disagreement; it is data semantics, not disputed market policy. Includes the governed release-generation bump the runtime-byte change requires.
