owner: claude
token: 2d68d9a1-bd2b-4b32-a5a7-09882220df5b
started_utc: 2026-09-14T14:17:40Z
expected_release_utc: 2026-09-14T17:17:40Z
paths: index.html, app.js, service-worker.js, manifest.json, sw-bridge.js, modern-shell.js, .agents/RELAY_PROTOCOL.md
task: v24.0.10 — raise mwCurrency/mwModeSelector to 16px (real iOS focus-zoom defect found by the new six-width gate), bump the cache generation so the fix can reach an installed PWA, and record the operator's agent relay protocol
