owner: gpt
token: 79e8a67b-1e29-4f26-831c-024b9fa70d12
started_utc: 2026-09-15T06:53:55Z
expected_release_utc: 2026-09-15T10:53:55Z
paths: .agents/LANES.md
task: Operator-directed bounded repair takeover for confirmed bugs/errors and recent external-audit findings; first update lane ownership safely.
