owner: gpt
token: 55c00642-5052-4b4a-9218-878180eb07bb
started_utc: 2026-09-19T01:46:00Z
expected_release_utc: 2026-09-19T02:46:00Z
paths: .agents/inbox/gpt-to-claude-admin-cloudflare-deploy-2026-09-19.md
task: Hand off exact Admin Console Cloudflare deployment, test registration, and CORS integration requirements to Claude.
