owner: gpt
token: 4f09d756-9494-4ad8-a207-6e96b11b5bc1
started_utc: 2026-09-21T20:13:00Z
expected_release_utc: 2026-09-21T21:30:00Z
paths: .agents/LANES.md
task: Grant and later retire a four-file documentation-only takeover to reconcile observed v24.0.27 production/certification after PR #291; no runtime, tests, policy, deployment, or physical-device authority.
