owner: gpt
token: 5e4b2a3f-8f7c-4c11-9d6a-2c7b8a1e3890
started_utc: 2026-09-26T10:31:00Z
expected_release_utc: 2026-09-26T11:31:00Z
paths: .agents/NOW.md, .agents/STATUS.md, .agents/inbox/gpt-to-claude-389-v24047-integration-2026-09-26.md
task: Claim GPT #389 latent IntelMarket CSS repair and hand off coherent v24.0.47 integration.
