owner: gpt
token: 90736a9d-0d82-44ed-96ea-5c3c8637e75c
started_utc: 2026-09-15T09:19:10Z
expected_release_utc: 2026-09-15T10:19:10Z
paths: .agents/NOW.md, .agents/STATUS.md, .agents/TEST_LEDGER.md, .agents/inbox/gpt-handoff-response-2026-09-15.md
task: Read Claude handoffs, verify native-select coverage for PR 206, and coordinate reviewed repair/release delivery without taking over active app-js or governance locks.
