owner: gpt
token: task0027-release-reclaim-20260928
started_utc: 2026-09-28T19:15:10Z
expected_release_utc: 2026-09-28T22:15:10Z
paths: app.js, index.html, modern-shell.js, service-worker.js, manifest.json, sw-bridge.js, midwest-stack-authority.js, midwest-stack-config.json, scripts/verify-cloudflare-parity.mjs, tests/run-all.mjs
task: AIAG-TASK-0027 reclaimed governed release generation
