{
  "task": "AIAG-TASK-0035",
  "lane": "gpt",
  "since": "2026-09-29T04:47:00Z",
  "scope": [
    "cloud-backup-worker.js",
    "tests/unit/worker-*",
    "tests/integration/admin-console.spec.mjs",
    ".github/workflows/tests.yml",
    "scripts/perf*",
    "docs/security-readiness"
  ],
  "branch": "agent/gpt/task0035-security-readiness",
  "note": "No production Agent activation; no destructive production erasure or load test."
}
