owner: gpt
token: 54c09d42-db16-4f40-855a-d95ace8417fd
started_utc: 2026-09-30T08:18:09Z
expected_release_utc: 2026-09-30T11:18:09Z
paths: modern-shell.js, app.js, index.html, service-worker.js, sw-bridge.js, manifest.json, midwest-stack-authority.js, midwest-stack-config.json, scripts/verify-cloudflare-parity.mjs, .github/workflows/one-shot-release-generation-24.0.56.yml
task: FreightLogic Today command center v2 presentation adapter + governed release generation (FL-TODAY-V2-20260930-01)
