owner: gpt
token: 4d4fbb53-11c1-4d67-97e9-6c7572c637c1
started_utc: 2026-08-23T07:21:00Z
expected_release_utc: 2026-08-23T08:21:00Z
task: Behavior-preserving CSS-first presentation seam: extract the single index.html design-system style block to styles.css and precache it in service-worker.js; no app.js or behavior logic changes.
